
Microsoft Visual Studio Solution File, Format Version 12.00
# Visual Studio 15
VisualStudioVersion = 15.0.26124.0
MinimumVisualStudioVersion = 15.0.26124.0
Project("{FAE04EC0-301F-11D3-BF4B-00C04F79EFBC}") = "GenerateTowerProgram", "src\GenerateTowerProgram.csproj", "{0DA230E4-7703-4E59-BBE4-F69C4EED8001}"
EndProject
Project("{FAE04EC0-301F-11D3-BF4B-00C04F79EFBC}") = "GenerateTowerProgram.Dependencies", "dependencies\GenerateTowerProgram.Dependencies.csproj", "{4B798B2E-BA70-4148-A456-6058F29E08B4}"
EndProject
Project("{FAE04EC0-301F-11D3-BF4B-00C04F79EFBC}") = "GenerateTowerProgram.tests", "test\GenerateTowerProgram.tests.csproj", "{D30EC34E-83CB-49C2-BF35-B949106D2E7D}"
EndProject
Global
	GlobalSection(SolutionConfigurationPlatforms) = preSolution
		Debug|Any CPU = Debug|Any CPU
		Debug|x64 = Debug|x64
		Debug|x86 = Debug|x86
		Release|Any CPU = Release|Any CPU
		Release|x64 = Release|x64
		Release|x86 = Release|x86
	EndGlobalSection
	GlobalSection(SolutionProperties) = preSolution
		HideSolutionNode = FALSE
	EndGlobalSection
	GlobalSection(ProjectConfigurationPlatforms) = postSolution
		{0DA230E4-7703-4E59-BBE4-F69C4EED8001}.Debug|Any CPU.ActiveCfg = Debug|Any CPU
		{0DA230E4-7703-4E59-BBE4-F69C4EED8001}.Debug|Any CPU.Build.0 = Debug|Any CPU
		{0DA230E4-7703-4E59-BBE4-F69C4EED8001}.Debug|x64.ActiveCfg = Debug|Any CPU
		{0DA230E4-7703-4E59-BBE4-F69C4EED8001}.Debug|x64.Build.0 = Debug|Any CPU
		{0DA230E4-7703-4E59-BBE4-F69C4EED8001}.Debug|x86.ActiveCfg = Debug|Any CPU
		{0DA230E4-7703-4E59-BBE4-F69C4EED8001}.Debug|x86.Build.0 = Debug|Any CPU
		{0DA230E4-7703-4E59-BBE4-F69C4EED8001}.Release|Any CPU.ActiveCfg = Release|Any CPU
		{0DA230E4-7703-4E59-BBE4-F69C4EED8001}.Release|Any CPU.Build.0 = Release|Any CPU
		{0DA230E4-7703-4E59-BBE4-F69C4EED8001}.Release|x64.ActiveCfg = Release|Any CPU
		{0DA230E4-7703-4E59-BBE4-F69C4EED8001}.Release|x64.Build.0 = Release|Any CPU
		{0DA230E4-7703-4E59-BBE4-F69C4EED8001}.Release|x86.ActiveCfg = Release|Any CPU
		{0DA230E4-7703-4E59-BBE4-F69C4EED8001}.Release|x86.Build.0 = Release|Any CPU
		{4B798B2E-BA70-4148-A456-6058F29E08B4}.Debug|Any CPU.ActiveCfg = Debug|Any CPU
		{4B798B2E-BA70-4148-A456-6058F29E08B4}.Debug|Any CPU.Build.0 = Debug|Any CPU
		{4B798B2E-BA70-4148-A456-6058F29E08B4}.Debug|x64.ActiveCfg = Debug|Any CPU
		{4B798B2E-BA70-4148-A456-6058F29E08B4}.Debug|x64.Build.0 = Debug|Any CPU
		{4B798B2E-BA70-4148-A456-6058F29E08B4}.Debug|x86.ActiveCfg = Debug|Any CPU
		{4B798B2E-BA70-4148-A456-6058F29E08B4}.Debug|x86.Build.0 = Debug|Any CPU
		{4B798B2E-BA70-4148-A456-6058F29E08B4}.Release|Any CPU.ActiveCfg = Release|Any CPU
		{4B798B2E-BA70-4148-A456-6058F29E08B4}.Release|Any CPU.Build.0 = Release|Any CPU
		{4B798B2E-BA70-4148-A456-6058F29E08B4}.Release|x64.ActiveCfg = Release|Any CPU
		{4B798B2E-BA70-4148-A456-6058F29E08B4}.Release|x64.Build.0 = Release|Any CPU
		{4B798B2E-BA70-4148-A456-6058F29E08B4}.Release|x86.ActiveCfg = Release|Any CPU
		{4B798B2E-BA70-4148-A456-6058F29E08B4}.Release|x86.Build.0 = Release|Any CPU
		{D30EC34E-83CB-49C2-BF35-B949106D2E7D}.Debug|Any CPU.ActiveCfg = Debug|Any CPU
		{D30EC34E-83CB-49C2-BF35-B949106D2E7D}.Debug|Any CPU.Build.0 = Debug|Any CPU
		{D30EC34E-83CB-49C2-BF35-B949106D2E7D}.Debug|x64.ActiveCfg = Debug|Any CPU
		{D30EC34E-83CB-49C2-BF35-B949106D2E7D}.Debug|x64.Build.0 = Debug|Any CPU
		{D30EC34E-83CB-49C2-BF35-B949106D2E7D}.Debug|x86.ActiveCfg = Debug|Any CPU
		{D30EC34E-83CB-49C2-BF35-B949106D2E7D}.Debug|x86.Build.0 = Debug|Any CPU
		{D30EC34E-83CB-49C2-BF35-B949106D2E7D}.Release|Any CPU.ActiveCfg = Release|Any CPU
		{D30EC34E-83CB-49C2-BF35-B949106D2E7D}.Release|Any CPU.Build.0 = Release|Any CPU
		{D30EC34E-83CB-49C2-BF35-B949106D2E7D}.Release|x64.ActiveCfg = Release|Any CPU
		{D30EC34E-83CB-49C2-BF35-B949106D2E7D}.Release|x64.Build.0 = Release|Any CPU
		{D30EC34E-83CB-49C2-BF35-B949106D2E7D}.Release|x86.ActiveCfg = Release|Any CPU
		{D30EC34E-83CB-49C2-BF35-B949106D2E7D}.Release|x86.Build.0 = Release|Any CPU
	EndGlobalSection
EndGlobal
